
Microsoft Visual Studio Solution File, Format Version 12.00
# Visual Studio Version 17
VisualStudioVersion = 17.0.31611.283
MinimumVisualStudioVersion = 10.0.40219.1
Project("{9A19103F-16F7-4668-BE54-9A1E7A4F7556}") = "AndroidAppDevelopment.FirstPart", "AndroidAppDevelopment.FirstPart\AndroidAppDevelopment.FirstPart.csproj", "{737A78C4-5B13-4A19-8E83-49A20E15E21D}"
EndProject
Project("{9A19103F-16F7-4668-BE54-9A1E7A4F7556}") = "AndroidAppDevelopment.SecondPart", "AndroidAppDevelopment.SecondPart\AndroidAppDevelopment.SecondPart.csproj", "{E7D8FD53-9E8F-405A-8969-EF8386EDFC42}"
EndProject
Project("{9A19103F-16F7-4668-BE54-9A1E7A4F7556}") = "AndroidAppDevelopment.ThirdPart", "AndroidAppDevelopment.ThirdPart\AndroidAppDevelopment.ThirdPart.csproj", "{2802A617-C800-4459-956B-25AE84FDB22E}"
EndProject
Project("{9A19103F-16F7-4668-BE54-9A1E7A4F7556}") = "AndroidAppDevelopment.FourthPart", "AndroidAppDevelopment.FourthPart\AndroidAppDevelopment.FourthPart.csproj", "{1C1812A6-6674-4CB6-9738-C33C540C817D}"
EndProject
Project("{9A19103F-16F7-4668-BE54-9A1E7A4F7556}") = "AndroidAppDevelopment.LastPart", "AndroidAppDevelopment.LastPart\AndroidAppDevelopment.LastPart.csproj", "{8164A1EB-4637-4650-9808-4F14280BCC16}"
EndProject
Project("{9A19103F-16F7-4668-BE54-9A1E7A4F7556}") = "AndroidAppDevelopment.Sudoku", "AndroidAppDevelopment.Sudoku\AndroidAppDevelopment.Sudoku.csproj", "{CA4A462F-2672-49D9-8225-9A9F1133C2EE}"
EndProject
Project("{FAE04EC0-301F-11D3-BF4B-00C04F79EFBC}") = "AndroidAppDevelopment.LastOnePart", "AndroidAppDevelopment.LastOnePart\AndroidAppDevelopment.LastOnePart.csproj", "{7ECD2DDA-8085-40BC-809A-FACE074F159C}"
EndProject
Global
	GlobalSection(SolutionConfigurationPlatforms) = preSolution
		Debug|Any CPU = Debug|Any CPU
		Release|Any CPU = Release|Any CPU
	EndGlobalSection
	GlobalSection(ProjectConfigurationPlatforms) = postSolution
		{737A78C4-5B13-4A19-8E83-49A20E15E21D}.Debug|Any CPU.ActiveCfg = Debug|Any CPU
		{737A78C4-5B13-4A19-8E83-49A20E15E21D}.Debug|Any CPU.Build.0 = Debug|Any CPU
		{737A78C4-5B13-4A19-8E83-49A20E15E21D}.Debug|Any CPU.Deploy.0 = Debug|Any CPU
		{737A78C4-5B13-4A19-8E83-49A20E15E21D}.Release|Any CPU.ActiveCfg = Release|Any CPU
		{737A78C4-5B13-4A19-8E83-49A20E15E21D}.Release|Any CPU.Build.0 = Release|Any CPU
		{737A78C4-5B13-4A19-8E83-49A20E15E21D}.Release|Any CPU.Deploy.0 = Release|Any CPU
		{E7D8FD53-9E8F-405A-8969-EF8386EDFC42}.Debug|Any CPU.ActiveCfg = Debug|Any CPU
		{E7D8FD53-9E8F-405A-8969-EF8386EDFC42}.Debug|Any CPU.Build.0 = Debug|Any CPU
		{E7D8FD53-9E8F-405A-8969-EF8386EDFC42}.Debug|Any CPU.Deploy.0 = Debug|Any CPU
		{E7D8FD53-9E8F-405A-8969-EF8386EDFC42}.Release|Any CPU.ActiveCfg = Release|Any CPU
		{E7D8FD53-9E8F-405A-8969-EF8386EDFC42}.Release|Any CPU.Build.0 = Release|Any CPU
		{E7D8FD53-9E8F-405A-8969-EF8386EDFC42}.Release|Any CPU.Deploy.0 = Release|Any CPU
		{2802A617-C800-4459-956B-25AE84FDB22E}.Debug|Any CPU.ActiveCfg = Debug|Any CPU
		{2802A617-C800-4459-956B-25AE84FDB22E}.Debug|Any CPU.Build.0 = Debug|Any CPU
		{2802A617-C800-4459-956B-25AE84FDB22E}.Debug|Any CPU.Deploy.0 = Debug|Any CPU
		{2802A617-C800-4459-956B-25AE84FDB22E}.Release|Any CPU.ActiveCfg = Release|Any CPU
		{2802A617-C800-4459-956B-25AE84FDB22E}.Release|Any CPU.Build.0 = Release|Any CPU
		{1C1812A6-6674-4CB6-9738-C33C540C817D}.Debug|Any CPU.ActiveCfg = Debug|Any CPU
		{1C1812A6-6674-4CB6-9738-C33C540C817D}.Debug|Any CPU.Build.0 = Debug|Any CPU
		{1C1812A6-6674-4CB6-9738-C33C540C817D}.Debug|Any CPU.Deploy.0 = Debug|Any CPU
		{1C1812A6-6674-4CB6-9738-C33C540C817D}.Release|Any CPU.ActiveCfg = Release|Any CPU
		{1C1812A6-6674-4CB6-9738-C33C540C817D}.Release|Any CPU.Build.0 = Release|Any CPU
		{1C1812A6-6674-4CB6-9738-C33C540C817D}.Release|Any CPU.Deploy.0 = Release|Any CPU
		{8164A1EB-4637-4650-9808-4F14280BCC16}.Debug|Any CPU.ActiveCfg = Debug|Any CPU
		{8164A1EB-4637-4650-9808-4F14280BCC16}.Debug|Any CPU.Build.0 = Debug|Any CPU
		{8164A1EB-4637-4650-9808-4F14280BCC16}.Debug|Any CPU.Deploy.0 = Debug|Any CPU
		{8164A1EB-4637-4650-9808-4F14280BCC16}.Release|Any CPU.ActiveCfg = Release|Any CPU
		{8164A1EB-4637-4650-9808-4F14280BCC16}.Release|Any CPU.Build.0 = Release|Any CPU
		{8164A1EB-4637-4650-9808-4F14280BCC16}.Release|Any CPU.Deploy.0 = Release|Any CPU
		{CA4A462F-2672-49D9-8225-9A9F1133C2EE}.Debug|Any CPU.ActiveCfg = Debug|Any CPU
		{CA4A462F-2672-49D9-8225-9A9F1133C2EE}.Debug|Any CPU.Build.0 = Debug|Any CPU
		{CA4A462F-2672-49D9-8225-9A9F1133C2EE}.Debug|Any CPU.Deploy.0 = Debug|Any CPU
		{CA4A462F-2672-49D9-8225-9A9F1133C2EE}.Release|Any CPU.ActiveCfg = Release|Any CPU
		{CA4A462F-2672-49D9-8225-9A9F1133C2EE}.Release|Any CPU.Build.0 = Release|Any CPU
		{CA4A462F-2672-49D9-8225-9A9F1133C2EE}.Release|Any CPU.Deploy.0 = Release|Any CPU
		{7ECD2DDA-8085-40BC-809A-FACE074F159C}.Debug|Any CPU.ActiveCfg = Debug|Any CPU
		{7ECD2DDA-8085-40BC-809A-FACE074F159C}.Debug|Any CPU.Build.0 = Debug|Any CPU
		{7ECD2DDA-8085-40BC-809A-FACE074F159C}.Debug|Any CPU.Deploy.0 = Debug|Any CPU
		{7ECD2DDA-8085-40BC-809A-FACE074F159C}.Release|Any CPU.ActiveCfg = Release|Any CPU
		{7ECD2DDA-8085-40BC-809A-FACE074F159C}.Release|Any CPU.Build.0 = Release|Any CPU
		{7ECD2DDA-8085-40BC-809A-FACE074F159C}.Release|Any CPU.Deploy.0 = Release|Any CPU
	EndGlobalSection
	GlobalSection(SolutionProperties) = preSolution
		HideSolutionNode = FALSE
	EndGlobalSection
	GlobalSection(ExtensibilityGlobals) = postSolution
		SolutionGuid = {61F7FB11-1E47-470C-91E2-47F8143E1572}
	EndGlobalSection
EndGlobal
